// !$*UTF8*$!
{
	archiveVersion = 1;
	classes = {
	};
	objectVersion = 50;
	objects = {

/* Begin PBXBuildFile section */
		501C459A24CC8DF8007958D2 /* AppDelegate.swift in Sources */ = {isa = PBXBuildFile; fileRef = 501C459924CC8DF8007958D2 /* AppDelegate.swift */; };
		501C459C24CC8DF8007958D2 /* SceneDelegate.swift in Sources */ = {isa = PBXBuildFile; fileRef = 501C459B24CC8DF8007958D2 /* SceneDelegate.swift */; };
		501C459E24CC8DF8007958D2 /* ViewController.swift in Sources */ = {isa = PBXBuildFile; fileRef = 501C459D24CC8DF8007958D2 /* ViewController.swift */; };
		501C45A124CC8DF8007958D2 /* Main.storyboard in Resources */ = {isa = PBXBuildFile; fileRef = 501C459F24CC8DF8007958D2 /* Main.storyboard */; };
		501C45A324CC8DFA007958D2 /* Assets.xcassets in Resources */ = {isa = PBXBuildFile; fileRef = 501C45A224CC8DFA007958D2 /* Assets.xcassets */; };
		501C45A624CC8DFA007958D2 /* LaunchScreen.storyboard in Resources */ = {isa = PBXBuildFile; fileRef = 501C45A424CC8DFA007958D2 /* LaunchScreen.storyboard */; };
		501C45AF24CC957A007958D2 /* Concentration.swift in Sources */ = {isa = PBXBuildFile; fileRef = 501C45AE24CC957A007958D2 /* Concentration.swift */; };
		501C45B124CC9601007958D2 /* Card.swift in Sources */ = {isa = PBXBuildFile; fileRef = 501C45B024CC9601007958D2 /* Card.swift */; };
		501C45B324CCA115007958D2 /* Theme.swift in Sources */ = {isa = PBXBuildFile; fileRef = 501C45B224CCA115007958D2 /* Theme.swift */; };
/* End PBXBuildFile section */

/* Begin PBXFileReference section */
		501C459624CC8DF8007958D2 /* ConcentrationGame.app */ = {isa = PBXFileReference; explicitFileType = wrapper.application; includeInIndex = 0; path = ConcentrationGame.app; sourceTree = BUILT_PRODUCTS_DIR; };
		501C459924CC8DF8007958D2 /* AppDelegate.swift */ = {isa = PBXFileReference; lastKnownFileType = sourcecode.swift; path = AppDelegate.swift; sourceTree = "<group>"; };
		501C459B24CC8DF8007958D2 /* SceneDelegate.swift */ = {isa = PBXFileReference; lastKnownFileType = sourcecode.swift; path = SceneDelegate.swift; sourceTree = "<group>"; };
		501C459D24CC8DF8007958D2 /* ViewController.swift */ = {isa = PBXFileReference; lastKnownFileType = sourcecode.swift; path = ViewController.swift; sourceTree = "<group>"; };
		501C45A024CC8DF8007958D2 /* Base */ = {isa = PBXFileReference; lastKnownFileType = file.storyboard; name = Base; path = Base.lproj/Main.storyboard; sourceTree = "<group>"; };
		501C45A224CC8DFA007958D2 /* Assets.xcassets */ = {isa = PBXFileReference; lastKnownFileType = folder.assetcatalog; path = Assets.xcassets; sourceTree = "<group>"; };
		501C45A524CC8DFA007958D2 /* Base */ = {isa = PBXFileReference; lastKnownFileType = file.storyboard; name = Base; path = Base.lproj/LaunchScreen.storyboard; sourceTree = "<group>"; };
		501C45A724CC8DFA007958D2 /* Info.plist */ = {isa = PBXFileReference; lastKnownFileType = text.plist.xml; path = Info.plist; sourceTree = "<group>"; };
		501C45AE24CC957A007958D2 /* Concentration.swift */ = {isa = PBXFileReference; lastKnownFileType = sourcecode.swift; path = Concentration.swift; sourceTree = "<group>"; };
		501C45B024CC9601007958D2 /* Card.swift */ = {isa = PBXFileReference; lastKnownFileType = sourcecode.swift; path = Card.swift; sourceTree = "<group>"; };
		501C45B224CCA115007958D2 /* Theme.swift */ = {isa = PBXFileReference; lastKnownFileType = sourcecode.swift; path = Theme.swift; sourceTree = "<group>"; };
/* End PBXFileReference section */

/* Begin PBXFrameworksBuildPhase section */
		501C459324CC8DF8007958D2 /* Frameworks */ = {
			isa = PBXFrameworksBuildPhase;
			buildActionMask = 2147483647;
			files = (
			);
			runOnlyForDeploymentPostprocessing = 0;
		};
/* End PBXFrameworksBuildPhase section */

/* Begin PBXGroup section */
		501C458D24CC8DF8007958D2 = {
			isa = PBXGroup;
			children = (
				501C459824CC8DF8007958D2 /* ConcentrationGame */,
				501C459724CC8DF8007958D2 /* Products */,
			);
			sourceTree = "<group>";
		};
		501C459724CC8DF8007958D2 /* Products */ = {
			isa = PBXGroup;
			children = (
				501C459624CC8DF8007958D2 /* ConcentrationGame.app */,
			);
			name = Products;
			sourceTree = "<group>";
		};
		501C459824CC8DF8007958D2 /* ConcentrationGame */ = {
			isa = PBXGroup;
			children = (
				501C45AD24CC8E1B007958D2 /* Supporting Tools */,
				501C459B24CC8DF8007958D2 /* SceneDelegate.swift */,
				501C459D24CC8DF8007958D2 /* ViewController.swift */,
				501C45AE24CC957A007958D2 /* Concentration.swift */,
				501C45B024CC9601007958D2 /* Card.swift */,
				501C45B224CCA115007958D2 /* Theme.swift */,
				501C459F24CC8DF8007958D2 /* Main.storyboard */,
				501C45A724CC8DFA007958D2 /* Info.plist */,
			);
			path = ConcentrationGame;
			sourceTree = "<group>";
		};
		501C45AD24CC8E1B007958D2 /* Supporting Tools */ = {
			isa = PBXGroup;
			children = (
				501C459924CC8DF8007958D2 /* AppDelegate.swift */,
				501C45A224CC8DFA007958D2 /* Assets.xcassets */,
				501C45A424CC8DFA007958D2 /* LaunchScreen.storyboard */,
			);
			path = "Supporting Tools";
			sourceTree = "<group>";
		};
/* End PBXGroup section */

/* Begin PBXNativeTarget section */
		501C459524CC8DF8007958D2 /* ConcentrationGame */ = {
			isa = PBXNativeTarget;
			buildConfigurationList = 501C45AA24CC8DFA007958D2 /* Build configuration list for PBXNativeTarget "ConcentrationGame" */;
			buildPhases = (
				501C459224CC8DF8007958D2 /* Sources */,
				501C459324CC8DF8007958D2 /* Frameworks */,
				501C459424CC8DF8007958D2 /* Resources */,
			);
			buildRules = (
			);
			dependencies = (
			);
			name = ConcentrationGame;
			productName = ConcentrationGame;
			productReference = 501C459624CC8DF8007958D2 /* ConcentrationGame.app */;
			productType = "com.apple.product-type.application";
		};
/* End PBXNativeTarget section */

/* Begin PBXProject section */
		501C458E24CC8DF8007958D2 /* Project object */ = {
			isa = PBXProject;
			attributes = {
				LastSwiftUpdateCheck = 1140;
				LastUpgradeCheck = 1140;
				ORGANIZATIONNAME = Max;
				TargetAttributes = {
					501C459524CC8DF8007958D2 = {
						CreatedOnToolsVersion = 11.4.1;
					};
				};
			};
			buildConfigurationList = 501C459124CC8DF8007958D2 /* Build configuration list for PBXProject "ConcentrationGame" */;
			compatibilityVersion = "Xcode 9.3";
			developmentRegion = en;
			hasScannedForEncodings = 0;
			knownRegions = (
				en,
				Base,
			);
			mainGroup = 501C458D24CC8DF8007958D2;
			productRefGroup = 501C459724CC8DF8007958D2 /* Products */;
			projectDirPath = "";
			projectRoot = "";
			targets = (
				501C459524CC8DF8007958D2 /* ConcentrationGame */,
			);
		};
/* End PBXProject section */

/* Begin PBXResourcesBuildPhase section */
		501C459424CC8DF8007958D2 /* Resources */ = {
			isa = PBXResourcesBuildPhase;
			buildActionMask = 2147483647;
			files = (
				501C45A624CC8DFA007958D2 /* LaunchScreen.storyboard in Resources */,
				501C45A324CC8DFA007958D2 /* Assets.xcassets in Resources */,
				501C45A124CC8DF8007958D2 /* Main.storyboard in Resources */,
			);
			runOnlyForDeploymentPostprocessing = 0;
		};
/* End PBXResourcesBuildPhase section */

/* Begin PBXSourcesBuildPhase section */
		501C459224CC8DF8007958D2 /* Sources */ = {
			isa = PBXSourcesBuildPhase;
			buildActionMask = 2147483647;
			files = (
				501C459E24CC8DF8007958D2 /* ViewController.swift in Sources */,
				501C45AF24CC957A007958D2 /* Concentration.swift in Sources */,
				501C45B124CC9601007958D2 /* Card.swift in Sources */,
				501C45B324CCA115007958D2 /* Theme.swift in Sources */,
				501C459A24CC8DF8007958D2 /* AppDelegate.swift in Sources */,
				501C459C24CC8DF8007958D2 /* SceneDelegate.swift in Sources */,
			);
			runOnlyForDeploymentPostprocessing = 0;
		};
/* End PBXSourcesBuildPhase section */

/* Begin PBXVariantGroup section */
		501C459F24CC8DF8007958D2 /* Main.storyboard */ = {
			isa = PBXVariantGroup;
			children = (
				501C45A024CC8DF8007958D2 /* Base */,
			);
			name = Main.storyboard;
			sourceTree = "<group>";
		};
		501C45A424CC8DFA007958D2 /* LaunchScreen.storyboard */ = {
			isa = PBXVariantGroup;
			children = (
				501C45A524CC8DFA007958D2 /* Base */,
			);
			name = LaunchScreen.storyboard;
			sourceTree = "<group>";
		};
/* End PBXVariantGroup section */

/* Begin XCBuildConfiguration section */
		501C45A824CC8DFA007958D2 /* Debug */ = {
			isa = XCBuildConfiguration;
			buildSettings = {
				ALWAYS_SEARCH_USER_PATHS = NO;
				CLANG_ANALYZER_NONNULL = YES;
				CLANG_ANALYZER_NUMBER_OBJECT_CONVERSION = YES_AGGRESSIVE;
				CLANG_CXX_LANGUAGE_STANDARD = "gnu++14";
				CLANG_CXX_LIBRARY = "libc++";
				CLANG_ENABLE_MODULES = YES;
				CLANG_ENABLE_OBJC_ARC = YES;
				CLANG_ENABLE_OBJC_WEAK = YES;
				CLANG_WARN_BLOCK_CAPTURE_AUTORELEASING = YES;
				CLANG_WARN_BOOL_CONVERSION = YES;
				CLANG_WARN_COMMA = YES;
				CLANG_WARN_CONSTANT_CONVERSION = YES;
				CLANG_WARN_DEPRECATED_OBJC_IMPLEMENTATIONS = YES;
				CLANG_WARN_DIRECT_OBJC_ISA_USAGE = YES_ERROR;
				CLANG_WARN_DOCUMENTATION_COMMENTS = YES;
				CLANG_WARN_EMPTY_BODY = YES;
				CLANG_WARN_ENUM_CONVERSION = YES;
				CLANG_WARN_INFINITE_RECURSION = YES;
				CLANG_WARN_INT_CONVERSION = YES;
				CLANG_WARN_NON_LITERAL_NULL_CONVERSION = YES;
				CLANG_WARN_OBJC_IMPLICIT_RETAIN_SELF = YES;
				CLANG_WARN_OBJC_LITERAL_CONVERSION = YES;
				CLANG_WARN_OBJC_ROOT_CLASS = YES_ERROR;
				CLANG_WARN_RANGE_LOOP_ANALYSIS = YES;
				CLANG_WARN_STRICT_PROTOTYPES = YES;
				CLANG_WARN_SUSPICIOUS_MOVE = YES;
				CLANG_WARN_UNGUARDED_AVAILABILITY = YES_AGGRESSIVE;
				CLANG_WARN_UNREACHABLE_CODE = YES;
				CLANG_WARN__DUPLICATE_METHOD_MATCH = YES;
				COPY_PHASE_STRIP = NO;
				DEBUG_INFORMATION_FORMAT = dwarf;
				ENABLE_STRICT_OBJC_MSGSEND = YES;
				ENABLE_TESTABILITY = YES;
				GCC_C_LANGUAGE_STANDARD = gnu11;
				GCC_DYNAMIC_NO_PIC = NO;
				GCC_NO_COMMON_BLOCKS = YES;
				GCC_OPTIMIZATION_LEVEL = 0;
				GCC_PREPROCESSOR_DEFINITIONS = (
					"DEBUG=1",
					"$(inherited)",
				);
				GCC_WARN_64_TO_32_BIT_CONVERSION = YES;
				GCC_WARN_ABOUT_RETURN_TYPE = YES_ERROR;
				GCC_WARN_UNDECLARED_SELECTOR = YES;
				GCC_WARN_UNINITIALIZED_AUTOS = YES_AGGRESSIVE;
				GCC_WARN_UNUSED_FUNCTION = YES;
				GCC_WARN_UNUSED_VARIABLE = YES;
				IPHONEOS_DEPLOYMENT_TARGET = 13.4;
				MTL_ENABLE_DEBUG_INFO = INCLUDE_SOURCE;
				MTL_FAST_MATH = YES;
				ONLY_ACTIVE_ARCH = YES;
				SDKROOT = iphoneos;
				SWIFT_ACTIVE_COMPILATION_CONDITIONS = DEBUG;
				SWIFT_OPTIMIZATION_LEVEL = "-Onone";
			};
			name = Debug;
		};
		501C45A924CC8DFA007958D2 /* Release */ = {
			isa = XCBuildConfiguration;
			buildSettings = {
				ALWAYS_SEARCH_USER_PATHS = NO;
				CLANG_ANALYZER_NONNULL = YES;
				CLANG_ANALYZER_NUMBER_OBJECT_CONVERSION = YES_AGGRESSIVE;
				CLANG_CXX_LANGUAGE_STANDARD = "gnu++14";
				CLANG_CXX_LIBRARY = "libc++";
				CLANG_ENABLE_MODULES = YES;
				CLANG_ENABLE_OBJC_ARC = YES;
				CLANG_ENABLE_OBJC_WEAK = YES;
				CLANG_WARN_BLOCK_CAPTURE_AUTORELEASING = YES;
				CLANG_WARN_BOOL_CONVERSION = YES;
				CLANG_WARN_COMMA = YES;
				CLANG_WARN_CONSTANT_CONVERSION = YES;
				CLANG_WARN_DEPRECATED_OBJC_IMPLEMENTATIONS = YES;
				CLANG_WARN_DIRECT_OBJC_ISA_USAGE = YES_ERROR;
				CLANG_WARN_DOCUMENTATION_COMMENTS = YES;
				CLANG_WARN_EMPTY_BODY = YES;
				CLANG_WARN_ENUM_CONVERSION = YES;
				CLANG_WARN_INFINITE_RECURSION = YES;
				CLANG_WARN_INT_CONVERSION = YES;
				CLANG_WARN_NON_LITERAL_NULL_CONVERSION = YES;
				CLANG_WARN_OBJC_IMPLICIT_RETAIN_SELF = YES;
				CLANG_WARN_OBJC_LITERAL_CONVERSION = YES;
				CLANG_WARN_OBJC_ROOT_CLASS = YES_ERROR;
				CLANG_WARN_RANGE_LOOP_ANALYSIS = YES;
				CLANG_WARN_STRICT_PROTOTYPES = YES;
				CLANG_WARN_SUSPICIOUS_MOVE = YES;
				CLANG_WARN_UNGUARDED_AVAILABILITY = YES_AGGRESSIVE;
				CLANG_WARN_UNREACHABLE_CODE = YES;
				CLANG_WARN__DUPLICATE_METHOD_MATCH = YES;
				COPY_PHASE_STRIP = NO;
				DEBUG_INFORMATION_FORMAT = "dwarf-with-dsym";
				ENABLE_NS_ASSERTIONS = NO;
				ENABLE_STRICT_OBJC_MSGSEND = YES;
				GCC_C_LANGUAGE_STANDARD = gnu11;
				GCC_NO_COMMON_BLOCKS = YES;
				GCC_WARN_64_TO_32_BIT_CONVERSION = YES;
				GCC_WARN_ABOUT_RETURN_TYPE = YES_ERROR;
				GCC_WARN_UNDECLARED_SELECTOR = YES;
				GCC_WARN_UNINITIALIZED_AUTOS = YES_AGGRESSIVE;
				GCC_WARN_UNUSED_FUNCTION = YES;
				GCC_WARN_UNUSED_VARIABLE = YES;
				IPHONEOS_DEPLOYMENT_TARGET = 13.4;
				MTL_ENABLE_DEBUG_INFO = NO;
				MTL_FAST_MATH = YES;
				SDKROOT = iphoneos;
				SWIFT_COMPILATION_MODE = wholemodule;
				SWIFT_OPTIMIZATION_LEVEL = "-O";
				VALIDATE_PRODUCT = YES;
			};
			name = Release;
		};
		501C45AB24CC8DFA007958D2 /* Debug */ = {
			isa = XCBuildConfiguration;
			buildSettings = {
				ASSETCATALOG_COMPILER_APPICON_NAME = AppIcon;
				CODE_SIGN_STYLE = Automatic;
				DEVELOPMENT_TEAM = 8J389T625L;
				INFOPLIST_FILE = ConcentrationGame/Info.plist;
				LD_RUNPATH_SEARCH_PATHS = (
					"$(inherited)",
					"@executable_path/Frameworks",
				);
				PRODUCT_BUNDLE_IDENTIFIER = Home.ConcentrationGame;
				PRODUCT_NAME = "$(TARGET_NAME)";
				SWIFT_VERSION = 5.0;
				TARGETED_DEVICE_FAMILY = "1,2";
			};
			name = Debug;
		};
		501C45AC24CC8DFA007958D2 /* Release */ = {
			isa = XCBuildConfiguration;
			buildSettings = {
				ASSETCATALOG_COMPILER_APPICON_NAME = AppIcon;
				CODE_SIGN_STYLE = Automatic;
				DEVELOPMENT_TEAM = 8J389T625L;
				INFOPLIST_FILE = ConcentrationGame/Info.plist;
				LD_RUNPATH_SEARCH_PATHS = (
					"$(inherited)",
					"@executable_path/Frameworks",
				);
				PRODUCT_BUNDLE_IDENTIFIER = Home.ConcentrationGame;
				PRODUCT_NAME = "$(TARGET_NAME)";
				SWIFT_VERSION = 5.0;
				TARGETED_DEVICE_FAMILY = "1,2";
			};
			name = Release;
		};
/* End XCBuildConfiguration section */

/* Begin XCConfigurationList section */
		501C459124CC8DF8007958D2 /* Build configuration list for PBXProject "ConcentrationGame" */ = {
			isa = XCConfigurationList;
			buildConfigurations = (
				501C45A824CC8DFA007958D2 /* Debug */,
				501C45A924CC8DFA007958D2 /* Release */,
			);
			defaultConfigurationIsVisible = 0;
			defaultConfigurationName = Release;
		};
		501C45AA24CC8DFA007958D2 /* Build configuration list for PBXNativeTarget "ConcentrationGame" */ = {
			isa = XCConfigurationList;
			buildConfigurations = (
				501C45AB24CC8DFA007958D2 /* Debug */,
				501C45AC24CC8DFA007958D2 /* Release */,
			);
			defaultConfigurationIsVisible = 0;
			defaultConfigurationName = Release;
		};
/* End XCConfigurationList section */
	};
	rootObject = 501C458E24CC8DF8007958D2 /* Project object */;
}
